<?xml version="1.0" encoding="UTF-8" standalone="yes" ?>
<CodeBlocks_project_file>
	<FileVersion major="1" minor="6" />
	<Project>
		<Option title="KeyRepeatReplace" />
		<Option pch_mode="2" />
		<Option compiler="gcc" />
		<Build>
			<Target title="default">
				<Option output="../../../devel/share/codeblocks/plugins/KeyRepeatReplace" prefix_auto="1" extension_auto="1" />
				<Option working_dir="../../../devel" />
				<Option object_output="../../../.objs/plugins/contrib/KeyRepeatReplace" />
				<Option type="3" />
				<Option compiler="gcc" />
				<Option host_application="../../../devel/codeblocks" />				
				<Compiler>
					<Add option="-g" />
					<Add option="`wx-config --cflags`" />
					<Add option="-fmessage-length=0" />
					<Add option="-fexceptions" />
					<Add option="-Winvalid-pch" />
					<Add option="-Ulinux" />
					<Add option="-Uunix" />
					<Add option="-fPIC" />
					<Add option="-DcbDEBUG" />
					<Add option="-DCB_PRECOMP" />
					<Add option="-DWX_PRECOMP" />
					<Add directory="../../../include" />
					<Add directory="../../../sdk/wxscintilla/include" />
				</Compiler>
				<Linker>
					<Add option="`wx-config --libs`" />
					<Add library="codeblocks" />
					<Add directory="../../../devel" />
				</Linker>
				<ExtraCommands>
					<Add after="zip -j9 ../../../devel/share/codeblocks/KeyRepeatReplace.zip manifest.xml" />
					<Mode after="always" />
				</ExtraCommands>
			</Target>
		</Build>
		<VirtualTargets>
			<Add alias="All" targets="default;" />
		</VirtualTargets>
		<Compiler>
			<Add option="-std=gnu++11" />
		</Compiler>
		<Unit filename="EditorHookFunctor.cpp" />
		<Unit filename="EditorHookFunctor.h" />
		<Unit filename="KRRConfigPanel.cpp" />
		<Unit filename="KRRConfigPanel.h" />
		<Unit filename="KeyRepeatReplace.cpp" />
		<Unit filename="KeyRepeatReplace.h" />
		<Unit filename="RepeatReplaceConfig.cpp" />
		<Unit filename="RepeatReplaceConfig.h" />
		<Unit filename="manifest.xml" />
		<Extensions>
			<code_completion />
			<envvars />
			<debugger />
		</Extensions>
	</Project>
</CodeBlocks_project_file>
